
Microsoft Visual Studio Solution File, Format Version 12.00
# Visual Studio Version 16
VisualStudioVersion = 16.0.29709.97
MinimumVisualStudioVersion = 10.0.40219.1
Project("{FAE04EC0-301F-11D3-BF4B-00C04F79EFBC}") = "Card_Lib", "Card_Lib\Card_Lib.csproj", "{90F987EE-8B8A-4F0E-B4FA-246027D40DB4}"
EndProject
Project("{FAE04EC0-301F-11D3-BF4B-00C04F79EFBC}") = "CardBox", "CardBox\CardBox.csproj", "{0422AC99-0798-4C75-AFDA-83CE81FA5349}"
EndProject
Project("{FAE04EC0-301F-11D3-BF4B-00C04F79EFBC}") = "DurakGame", "DurakGame\DurakGame.csproj", "{DC2E72E0-628C-4DE1-B2C8-27E774990095}"
EndProject
Global
	GlobalSection(SolutionConfigurationPlatforms) = preSolution
		Debug|Any CPU = Debug|Any CPU
		Release|Any CPU = Release|Any CPU
	EndGlobalSection
	GlobalSection(ProjectConfigurationPlatforms) = postSolution
		{90F987EE-8B8A-4F0E-B4FA-246027D40DB4}.Debug|Any CPU.ActiveCfg = Debug|Any CPU
		{90F987EE-8B8A-4F0E-B4FA-246027D40DB4}.Debug|Any CPU.Build.0 = Debug|Any CPU
		{90F987EE-8B8A-4F0E-B4FA-246027D40DB4}.Release|Any CPU.ActiveCfg = Release|Any CPU
		{90F987EE-8B8A-4F0E-B4FA-246027D40DB4}.Release|Any CPU.Build.0 = Release|Any CPU
		{0422AC99-0798-4C75-AFDA-83CE81FA5349}.Debug|Any CPU.ActiveCfg = Debug|Any CPU
		{0422AC99-0798-4C75-AFDA-83CE81FA5349}.Debug|Any CPU.Build.0 = Debug|Any CPU
		{0422AC99-0798-4C75-AFDA-83CE81FA5349}.Release|Any CPU.ActiveCfg = Release|Any CPU
		{0422AC99-0798-4C75-AFDA-83CE81FA5349}.Release|Any CPU.Build.0 = Release|Any CPU
		{DC2E72E0-628C-4DE1-B2C8-27E774990095}.Debug|Any CPU.ActiveCfg = Debug|Any CPU
		{DC2E72E0-628C-4DE1-B2C8-27E774990095}.Debug|Any CPU.Build.0 = Debug|Any CPU
		{DC2E72E0-628C-4DE1-B2C8-27E774990095}.Release|Any CPU.ActiveCfg = Release|Any CPU
		{DC2E72E0-628C-4DE1-B2C8-27E774990095}.Release|Any CPU.Build.0 = Release|Any CPU
	EndGlobalSection
	GlobalSection(SolutionProperties) = preSolution
		HideSolutionNode = FALSE
	EndGlobalSection
	GlobalSection(ExtensibilityGlobals) = postSolution
		SolutionGuid = {46842761-CA83-4146-B490-D6FCCBA5581F}
	EndGlobalSection
EndGlobal
